// !$*UTF8*$!
{
	archiveVersion = 1;
	classes = {
	};
	objectVersion = 46;
	objects = {

/* Begin PBXBuildFile section */
		AE70373B1E03C293003F49D3 /* AppDelegate.swift in Sources */ = {isa = PBXBuildFile; fileRef = AE70373A1E03C293003F49D3 /* AppDelegate.swift */; };
		AE70373D1E03C293003F49D3 /* ViewController.swift in Sources */ = {isa = PBXBuildFile; fileRef = AE70373C1E03C293003F49D3 /* ViewController.swift */; };
		AE7037401E03C293003F49D3 /* Main.storyboard in Resources */ = {isa = PBXBuildFile; fileRef = AE70373E1E03C293003F49D3 /* Main.storyboard */; };
		AE7037421E03C293003F49D3 /* Assets.xcassets in Resources */ = {isa = PBXBuildFile; fileRef = AE7037411E03C293003F49D3 /* Assets.xcassets */; };
		AE7037451E03C293003F49D3 /* LaunchScreen.storyboard in Resources */ = {isa = PBXBuildFile; fileRef = AE7037431E03C293003F49D3 /* LaunchScreen.storyboard */; };
/* End PBXBuildFile section */

/* Begin PBXFileReference section */
		AE7037371E03C293003F49D3 /* MJWeiBo.app */ = {isa = PBXFileReference; explicitFileType = wrapper.application; includeInIndex = 0; path = MJWeiBo.app; sourceTree = BUILT_PRODUCTS_DIR; };
		AE70373A1E03C293003F49D3 /* AppDelegate.swift */ = {isa = PBXFileReference; lastKnownFileType = sourcecode.swift; path = AppDelegate.swift; sourceTree = "<group>"; };
		AE70373C1E03C293003F49D3 /* ViewController.swift */ = {isa = PBXFileReference; lastKnownFileType = sourcecode.swift; path = ViewController.swift; sourceTree = "<group>"; };
		AE70373F1E03C293003F49D3 /* Base */ = {isa = PBXFileReference; lastKnownFileType = file.storyboard; name = Base; path = Base.lproj/Main.storyboard; sourceTree = "<group>"; };
		AE7037411E03C293003F49D3 /* Assets.xcassets */ = {isa = PBXFileReference; lastKnownFileType = folder.assetcatalog; path = Assets.xcassets; sourceTree = "<group>"; };
		AE7037441E03C293003F49D3 /* Base */ = {isa = PBXFileReference; lastKnownFileType = file.storyboard; name = Base; path = Base.lproj/LaunchScreen.storyboard; sourceTree = "<group>"; };
		AE7037461E03C293003F49D3 /* Info.plist */ = {isa = PBXFileReference; lastKnownFileType = text.plist.xml; path = Info.plist; sourceTree = "<group>"; };
/* End PBXFileReference section */

/* Begin PBXFrameworksBuildPhase section */
		AE7037341E03C293003F49D3 /* Frameworks */ = {
			isa = PBXFrameworksBuildPhase;
			buildActionMask = 2147483647;
			files = (
			);
			runOnlyForDeploymentPostprocessing = 0;
		};
/* End PBXFrameworksBuildPhase section */

/* Begin PBXGroup section */
		AE70372E1E03C293003F49D3 = {
			isa = PBXGroup;
			children = (
				AE7037391E03C293003F49D3 /* MJWeiBo */,
				AE7037381E03C293003F49D3 /* Products */,
			);
			sourceTree = "<group>";
		};
		AE7037381E03C293003F49D3 /* Products */ = {
			isa = PBXGroup;
			children = (
				AE7037371E03C293003F49D3 /* MJWeiBo.app */,
			);
			name = Products;
			sourceTree = "<group>";
		};
		AE7037391E03C293003F49D3 /* MJWeiBo */ = {
			isa = PBXGroup;
			children = (
				AE70373A1E03C293003F49D3 /* AppDelegate.swift */,
				AE70373C1E03C293003F49D3 /* ViewController.swift */,
				AE70373E1E03C293003F49D3 /* Main.storyboard */,
				AE7037411E03C293003F49D3 /* Assets.xcassets */,
				AE7037431E03C293003F49D3 /* LaunchScreen.storyboard */,
				AE7037461E03C293003F49D3 /* Info.plist */,
			);
			path = MJWeiBo;
			sourceTree = "<group>";
		};
/* End PBXGroup section */

/* Begin PBXNativeTarget section */
		AE7037361E03C293003F49D3 /* MJWeiBo */ = {
			isa = PBXNativeTarget;
			buildConfigurationList = AE7037491E03C293003F49D3 /* Build configuration list for PBXNativeTarget "MJWeiBo" */;
			buildPhases = (
				AE7037331E03C293003F49D3 /* Sources */,
				AE7037341E03C293003F49D3 /* Frameworks */,
				AE7037351E03C293003F49D3 /* Resources */,
			);
			buildRules = (
			);
			dependencies = (
			);
			name = MJWeiBo;
			productName = MJWeiBo;
			productReference = AE7037371E03C293003F49D3 /* MJWeiBo.app */;
			productType = "com.apple.product-type.application";
		};
/* End PBXNativeTarget section */

/* Begin PBXProject section */
		AE70372F1E03C293003F49D3 /* Project object */ = {
			isa = PBXProject;
			attributes = {
				LastSwiftUpdateCheck = 0810;
				LastUpgradeCheck = 0810;
				ORGANIZATIONNAME = "林民敬";
				TargetAttributes = {
					AE7037361E03C293003F49D3 = {
						CreatedOnToolsVersion = 8.1;
						ProvisioningStyle = Automatic;
					};
				};
			};
			buildConfigurationList = AE7037321E03C293003F49D3 /* Build configuration list for PBXProject "MJWeiBo" */;
			compatibilityVersion = "Xcode 3.2";
			developmentRegion = English;
			hasScannedForEncodings = 0;
			knownRegions = (
				en,
				Base,
			);
			mainGroup = AE70372E1E03C293003F49D3;
			productRefGroup = AE7037381E03C293003F49D3 /* Products */;
			projectDirPath = "";
			projectRoot = "";
			targets = (
				AE7037361E03C293003F49D3 /* MJWeiBo */,
			);
		};
/* End PBXProject section */

/* Begin PBXResourcesBuildPhase section */
		AE7037351E03C293003F49D3 /* Resources */ = {
			isa = PBXResourcesBuildPhase;
			buildActionMask = 2147483647;
			files = (
				AE7037451E03C293003F49D3 /* LaunchScreen.storyboard in Resources */,
				AE7037421E03C293003F49D3 /* Assets.xcassets in Resources */,
				AE7037401E03C293003F49D3 /* Main.storyboard in Resources */,
			);
			runOnlyForDeploymentPostprocessing = 0;
		};
/* End PBXResourcesBuildPhase section */

/* Begin PBXSourcesBuildPhase section */
		AE7037331E03C293003F49D3 /* Sources */ = {
			isa = PBXSourcesBuildPhase;
			buildActionMask = 2147483647;
			files = (
				AE70373D1E03C293003F49D3 /* ViewController.swift in Sources */,
				AE70373B1E03C293003F49D3 /* AppDelegate.swift in Sources */,
			);
			runOnlyForDeploymentPostprocessing = 0;
		};
/* End PBXSourcesBuildPhase section */

/* Begin PBXVariantGroup section */
		AE70373E1E03C293003F49D3 /* Main.storyboard */ = {
			isa = PBXVariantGroup;
			children = (
				AE70373F1E03C293003F49D3 /* Base */,
			);
			name = Main.storyboard;
			sourceTree = "<group>";
		};
		AE7037431E03C293003F49D3 /* LaunchScreen.storyboard */ = {
			isa = PBXVariantGroup;
			children = (
				AE7037441E03C293003F49D3 /* Base */,
			);
			name = LaunchScreen.storyboard;
			sourceTree = "<group>";
		};
/* End PBXVariantGroup section */

/* Begin XCBuildConfiguration section */
		AE7037471E03C293003F49D3 /* Debug */ = {
			isa = XCBuildConfiguration;
			buildSettings = {
				ALWAYS_SEARCH_USER_PATHS = NO;
				CLANG_ANALYZER_NONNULL = YES;
				CLANG_CXX_LANGUAGE_STANDARD = "gnu++0x";
				CLANG_CXX_LIBRARY = "libc++";
				CLANG_ENABLE_MODULES = YES;
				CLANG_ENABLE_OBJC_ARC = YES;
				CLANG_WARN_BOOL_CONVERSION = YES;
				CLANG_WARN_CONSTANT_CONVERSION = YES;
				CLANG_WARN_DIRECT_OBJC_ISA_USAGE = YES_ERROR;
				CLANG_WARN_DOCUMENTATION_COMMENTS = YES;
				CLANG_WARN_EMPTY_BODY = YES;
				CLANG_WARN_ENUM_CONVERSION = YES;
				CLANG_WARN_INFINITE_RECURSION = YES;
				CLANG_WARN_INT_CONVERSION = YES;
				CLANG_WARN_OBJC_ROOT_CLASS = YES_ERROR;
				CLANG_WARN_SUSPICIOUS_MOVES = YES;
				CLANG_WARN_UNREACHABLE_CODE = YES;
				CLANG_WARN__DUPLICATE_METHOD_MATCH = YES;
				"CODE_SIGN_IDENTITY[sdk=iphoneos*]" = "iPhone Developer";
				COPY_PHASE_STRIP = NO;
				DEBUG_INFORMATION_FORMAT = dwarf;
				ENABLE_STRICT_OBJC_MSGSEND = YES;
				ENABLE_TESTABILITY = YES;
				GCC_C_LANGUAGE_STANDARD = gnu99;
				GCC_DYNAMIC_NO_PIC = NO;
				GCC_NO_COMMON_BLOCKS = YES;
				GCC_OPTIMIZATION_LEVEL = 0;
				GCC_PREPROCESSOR_DEFINITIONS = (
					"DEBUG=1",
					"$(inherited)",
				);
				GCC_WARN_64_TO_32_BIT_CONVERSION = YES;
				GCC_WARN_ABOUT_RETURN_TYPE = YES_ERROR;
				GCC_WARN_UNDECLARED_SELECTOR = YES;
				GCC_WARN_UNINITIALIZED_AUTOS = YES_AGGRESSIVE;
				GCC_WARN_UNUSED_FUNCTION = YES;
				GCC_WARN_UNUSED_VARIABLE = YES;
				IPHONEOS_DEPLOYMENT_TARGET = 10.1;
				MTL_ENABLE_DEBUG_INFO = YES;
				ONLY_ACTIVE_ARCH = YES;
				SDKROOT = iphoneos;
				SWIFT_ACTIVE_COMPILATION_CONDITIONS = DEBUG;
				SWIFT_OPTIMIZATION_LEVEL = "-Onone";
			};
			name = Debug;
		};
		AE7037481E03C293003F49D3 /* Release */ = {
			isa = XCBuildConfiguration;
			buildSettings = {
				ALWAYS_SEARCH_USER_PATHS = NO;
				CLANG_ANALYZER_NONNULL = YES;
				CLANG_CXX_LANGUAGE_STANDARD = "gnu++0x";
				CLANG_CXX_LIBRARY = "libc++";
				CLANG_ENABLE_MODULES = YES;
				CLANG_ENABLE_OBJC_ARC = YES;
				CLANG_WARN_BOOL_CONVERSION = YES;
				CLANG_WARN_CONSTANT_CONVERSION = YES;
				CLANG_WARN_DIRECT_OBJC_ISA_USAGE = YES_ERROR;
				CLANG_WARN_DOCUMENTATION_COMMENTS = YES;
				CLANG_WARN_EMPTY_BODY = YES;
				CLANG_WARN_ENUM_CONVERSION = YES;
				CLANG_WARN_INFINITE_RECURSION = YES;
				CLANG_WARN_INT_CONVERSION = YES;
				CLANG_WARN_OBJC_ROOT_CLASS = YES_ERROR;
				CLANG_WARN_SUSPICIOUS_MOVES = YES;
				CLANG_WARN_UNREACHABLE_CODE = YES;
				CLANG_WARN__DUPLICATE_METHOD_MATCH = YES;
				"CODE_SIGN_IDENTITY[sdk=iphoneos*]" = "iPhone Developer";
				COPY_PHASE_STRIP = NO;
				DEBUG_INFORMATION_FORMAT = "dwarf-with-dsym";
				ENABLE_NS_ASSERTIONS = NO;
				ENABLE_STRICT_OBJC_MSGSEND = YES;
				GCC_C_LANGUAGE_STANDARD = gnu99;
				GCC_NO_COMMON_BLOCKS = YES;
				GCC_WARN_64_TO_32_BIT_CONVERSION = YES;
				GCC_WARN_ABOUT_RETURN_TYPE = YES_ERROR;
				GCC_WARN_UNDECLARED_SELECTOR = YES;
				GCC_WARN_UNINITIALIZED_AUTOS = YES_AGGRESSIVE;
				GCC_WARN_UNUSED_FUNCTION = YES;
				GCC_WARN_UNUSED_VARIABLE = YES;
				IPHONEOS_DEPLOYMENT_TARGET = 10.1;
				MTL_ENABLE_DEBUG_INFO = NO;
				SDKROOT = iphoneos;
				SWIFT_OPTIMIZATION_LEVEL = "-Owholemodule";
				VALIDATE_PRODUCT = YES;
			};
			name = Release;
		};
		AE70374A1E03C293003F49D3 /* Debug */ = {
			isa = XCBuildConfiguration;
			buildSettings = {
				ASSETCATALOG_COMPILER_APPICON_NAME = AppIcon;
				INFOPLIST_FILE = MJWeiBo/Info.plist;
				LD_RUNPATH_SEARCH_PATHS = "$(inherited) @executable_path/Frameworks";
				PRODUCT_BUNDLE_IDENTIFIER = com.test.MJWeiBo;
				PRODUCT_NAME = "$(TARGET_NAME)";
				SWIFT_VERSION = 3.0;
			};
			name = Debug;
		};
		AE70374B1E03C293003F49D3 /* Release */ = {
			isa = XCBuildConfiguration;
			buildSettings = {
				ASSETCATALOG_COMPILER_APPICON_NAME = AppIcon;
				INFOPLIST_FILE = MJWeiBo/Info.plist;
				LD_RUNPATH_SEARCH_PATHS = "$(inherited) @executable_path/Frameworks";
				PRODUCT_BUNDLE_IDENTIFIER = com.test.MJWeiBo;
				PRODUCT_NAME = "$(TARGET_NAME)";
				SWIFT_VERSION = 3.0;
			};
			name = Release;
		};
/* End XCBuildConfiguration section */

/* Begin XCConfigurationList section */
		AE7037321E03C293003F49D3 /* Build configuration list for PBXProject "MJWeiBo" */ = {
			isa = XCConfigurationList;
			buildConfigurations = (
				AE7037471E03C293003F49D3 /* Debug */,
				AE7037481E03C293003F49D3 /* Release */,
			);
			defaultConfigurationIsVisible = 0;
			defaultConfigurationName = Release;
		};
		AE7037491E03C293003F49D3 /* Build configuration list for PBXNativeTarget "MJWeiBo" */ = {
			isa = XCConfigurationList;
			buildConfigurations = (
				AE70374A1E03C293003F49D3 /* Debug */,
				AE70374B1E03C293003F49D3 /* Release */,
			);
			defaultConfigurationIsVisible = 0;
		};
/* End XCConfigurationList section */
	};
	rootObject = AE70372F1E03C293003F49D3 /* Project object */;
}
